// !$*UTF8*$!
{
	archiveVersion = 1;
	classes = {
	};
	objectVersion = 60;
	objects = {

/* Begin PBXBuildFile section */
		EC66F0EC2C11E83C006B21FA /* LaunchScreen.swift in Sources */ = {isa = PBXBuildFile; fileRef = EC66F0EB2C11E83C006B21FA /* LaunchScreen.swift */; };
		EC66F0EE2C11E850006B21FA /* IntroductionView.swift in Sources */ = {isa = PBXBuildFile; fileRef = EC66F0ED2C11E850006B21FA /* IntroductionView.swift */; };
		EC66F0F02C11E87C006B21FA /* OnboardingView.swift in Sources */ = {isa = PBXBuildFile; fileRef = EC66F0EF2C11E87C006B21FA /* OnboardingView.swift */; };
		EC66F0F22C11E894006B21FA /* UserModel.swift in Sources */ = {isa = PBXBuildFile; fileRef = EC66F0F12C11E894006B21FA /* UserModel.swift */; };
		EC80B82F2C0CDAFB00377618 /* SaludioApp.swift in Sources */ = {isa = PBXBuildFile; fileRef = EC80B82E2C0CDAFB00377618 /* SaludioApp.swift */; };
		EC80B8312C0CDAFB00377618 /* ContentView.swift in Sources */ = {isa = PBXBuildFile; fileRef = EC80B8302C0CDAFB00377618 /* ContentView.swift */; };
		EC80B8332C0CDAFB00377618 /* HealthInfoModel.swift in Sources */ = {isa = PBXBuildFile; fileRef = EC80B8322C0CDAFB00377618 /* HealthInfoModel.swift */; };
		EC80B8352C0CDAFD00377618 /* Assets.xcassets in Resources */ = {isa = PBXBuildFile; fileRef = EC80B8342C0CDAFD00377618 /* Assets.xcassets */; };
		EC80B8382C0CDAFE00377618 /* Preview Assets.xcassets in Resources */ = {isa = PBXBuildFile; fileRef = EC80B8372C0CDAFE00377618 /* Preview Assets.xcassets */; };
		EC80B8422C0CDAFE00377618 /* SaludioTests.swift in Sources */ = {isa = PBXBuildFile; fileRef = EC80B8412C0CDAFE00377618 /* SaludioTests.swift */; };
		EC80B84C2C0CDAFE00377618 /* SaludioUITests.swift in Sources */ = {isa = PBXBuildFile; fileRef = EC80B84B2C0CDAFE00377618 /* SaludioUITests.swift */; };
		EC80B84E2C0CDAFE00377618 /* SaludioUITestsLaunchTests.swift in Sources */ = {isa = PBXBuildFile; fileRef = EC80B84D2C0CDAFE00377618 /* SaludioUITestsLaunchTests.swift */; };
		ECD091DE2C0D91AE0030F4D5 /* HealthKitManager.swift in Sources */ = {isa = PBXBuildFile; fileRef = ECD091DD2C0D91AE0030F4D5 /* HealthKitManager.swift */; };
		ECD091E02C0D94E50030F4D5 /* HomeView.swift in Sources */ = {isa = PBXBuildFile; fileRef = ECD091DF2C0D94E50030F4D5 /* HomeView.swift */; };
		ECD091E22C0D94F80030F4D5 /* ActivityView.swift in Sources */ = {isa = PBXBuildFile; fileRef = ECD091E12C0D94F80030F4D5 /* ActivityView.swift */; };
		ECD091E42C0D95090030F4D5 /* SettingsView.swift in Sources */ = {isa = PBXBuildFile; fileRef = ECD091E32C0D95090030F4D5 /* SettingsView.swift */; };
		ECD091E62C0D999A0030F4D5 /* SummeryRingView.swift in Sources */ = {isa = PBXBuildFile; fileRef = ECD091E52C0D999A0030F4D5 /* SummeryRingView.swift */; };
/* End PBXBuildFile section */

/* Begin PBXContainerItemProxy section */
		EC80B83E2C0CDAFE00377618 /* PBXContainerItemProxy */ = {
			isa = PBXContainerItemProxy;
			containerPortal = EC80B8232C0CDAFB00377618 /* Project object */;
			proxyType = 1;
			remoteGlobalIDString = EC80B82A2C0CDAFB00377618;
			remoteInfo = Saludio;
		};
		EC80B8482C0CDAFE00377618 /* PBXContainerItemProxy */ = {
			isa = PBXContainerItemProxy;
			containerPortal = EC80B8232C0CDAFB00377618 /* Project object */;
			proxyType = 1;
			remoteGlobalIDString = EC80B82A2C0CDAFB00377618;
			remoteInfo = Saludio;
		};
/* End PBXContainerItemProxy section */

/* Begin PBXFileReference section */
		EC66F0EB2C11E83C006B21FA /* LaunchScreen.swift */ = {isa = PBXFileReference; lastKnownFileType = sourcecode.swift; path = LaunchScreen.swift; sourceTree = "<group>"; };
		EC66F0ED2C11E850006B21FA /* IntroductionView.swift */ = {isa = PBXFileReference; lastKnownFileType = sourcecode.swift; path = IntroductionView.swift; sourceTree = "<group>"; };
		EC66F0EF2C11E87C006B21FA /* OnboardingView.swift */ = {isa = PBXFileReference; lastKnownFileType = sourcecode.swift; path = OnboardingView.swift; sourceTree = "<group>"; };
		EC66F0F12C11E894006B21FA /* UserModel.swift */ = {isa = PBXFileReference; lastKnownFileType = sourcecode.swift; path = UserModel.swift; sourceTree = "<group>"; };
		EC80B82B2C0CDAFB00377618 /* Saludio.app */ = {isa = PBXFileReference; explicitFileType = wrapper.application; includeInIndex = 0; path = Saludio.app; sourceTree = BUILT_PRODUCTS_DIR; };
		EC80B82E2C0CDAFB00377618 /* SaludioApp.swift */ = {isa = PBXFileReference; lastKnownFileType = sourcecode.swift; path = SaludioApp.swift; sourceTree = "<group>"; };
		EC80B8302C0CDAFB00377618 /* ContentView.swift */ = {isa = PBXFileReference; lastKnownFileType = sourcecode.swift; path = ContentView.swift; sourceTree = "<group>"; };
		EC80B8322C0CDAFB00377618 /* HealthInfoModel.swift */ = {isa = PBXFileReference; lastKnownFileType = sourcecode.swift; path = HealthInfoModel.swift; sourceTree = "<group>"; };
		EC80B8342C0CDAFD00377618 /* Assets.xcassets */ = {isa = PBXFileReference; lastKnownFileType = folder.assetcatalog; path = Assets.xcassets; sourceTree = "<group>"; };
		EC80B8372C0CDAFE00377618 /* Preview Assets.xcassets */ = {isa = PBXFileReference; lastKnownFileType = folder.assetcatalog; path = "Preview Assets.xcassets"; sourceTree = "<group>"; };
		EC80B83D2C0CDAFE00377618 /* SaludioTests.xctest */ = {isa = PBXFileReference; explicitFileType = wrapper.cfbundle; includeInIndex = 0; path = SaludioTests.xctest; sourceTree = BUILT_PRODUCTS_DIR; };
		EC80B8412C0CDAFE00377618 /* SaludioTests.swift */ = {isa = PBXFileReference; lastKnownFileType = sourcecode.swift; path = SaludioTests.swift; sourceTree = "<group>"; };
		EC80B8472C0CDAFE00377618 /* SaludioUITests.xctest */ = {isa = PBXFileReference; explicitFileType = wrapper.cfbundle; includeInIndex = 0; path = SaludioUITests.xctest; sourceTree = BUILT_PRODUCTS_DIR; };
		EC80B84B2C0CDAFE00377618 /* SaludioUITests.swift */ = {isa = PBXFileReference; lastKnownFileType = sourcecode.swift; path = SaludioUITests.swift; sourceTree = "<group>"; };
		EC80B84D2C0CDAFE00377618 /* SaludioUITestsLaunchTests.swift */ = {isa = PBXFileReference; lastKnownFileType = sourcecode.swift; path = SaludioUITestsLaunchTests.swift; sourceTree = "<group>"; };
		EC80B85A2C0CDCAE00377618 /* Saludio.entitlements */ = {isa = PBXFileReference; lastKnownFileType = text.plist.entitlements; path = Saludio.entitlements; sourceTree = "<group>"; };
		ECD091DD2C0D91AE0030F4D5 /* HealthKitManager.swift */ = {isa = PBXFileReference; lastKnownFileType = sourcecode.swift; path = HealthKitManager.swift; sourceTree = "<group>"; };
		ECD091DF2C0D94E50030F4D5 /* HomeView.swift */ = {isa = PBXFileReference; lastKnownFileType = sourcecode.swift; path = HomeView.swift; sourceTree = "<group>"; };
		ECD091E12C0D94F80030F4D5 /* ActivityView.swift */ = {isa = PBXFileReference; lastKnownFileType = sourcecode.swift; path = ActivityView.swift; sourceTree = "<group>"; };
		ECD091E32C0D95090030F4D5 /* SettingsView.swift */ = {isa = PBXFileReference; lastKnownFileType = sourcecode.swift; path = SettingsView.swift; sourceTree = "<group>"; };
		ECD091E52C0D999A0030F4D5 /* SummeryRingView.swift */ = {isa = PBXFileReference; lastKnownFileType = sourcecode.swift; path = SummeryRingView.swift; sourceTree = "<group>"; };
/* End PBXFileReference section */

/* Begin PBXFrameworksBuildPhase section */
		EC80B8282C0CDAFB00377618 /* Frameworks */ = {
			isa = PBXFrameworksBuildPhase;
			buildActionMask = 2147483647;
			files = (
			);
			runOnlyForDeploymentPostprocessing = 0;
		};
		EC80B83A2C0CDAFE00377618 /* Frameworks */ = {
			isa = PBXFrameworksBuildPhase;
			buildActionMask = 2147483647;
			files = (
			);
			runOnlyForDeploymentPostprocessing = 0;
		};
		EC80B8442C0CDAFE00377618 /* Frameworks */ = {
			isa = PBXFrameworksBuildPhase;
			buildActionMask = 2147483647;
			files = (
			);
			runOnlyForDeploymentPostprocessing = 0;
		};
/* End PBXFrameworksBuildPhase section */

/* Begin PBXGroup section */
		EC80B8222C0CDAFB00377618 = {
			isa = PBXGroup;
			children = (
				EC80B82D2C0CDAFB00377618 /* Saludio */,
				EC80B8402C0CDAFE00377618 /* SaludioTests */,
				EC80B84A2C0CDAFE00377618 /* SaludioUITests */,
				EC80B82C2C0CDAFB00377618 /* Products */,
			);
			sourceTree = "<group>";
		};
		EC80B82C2C0CDAFB00377618 /* Products */ = {
			isa = PBXGroup;
			children = (
				EC80B82B2C0CDAFB00377618 /* Saludio.app */,
				EC80B83D2C0CDAFE00377618 /* SaludioTests.xctest */,
				EC80B8472C0CDAFE00377618 /* SaludioUITests.xctest */,
			);
			name = Products;
			sourceTree = "<group>";
		};
		EC80B82D2C0CDAFB00377618 /* Saludio */ = {
			isa = PBXGroup;
			children = (
				EC80B85A2C0CDCAE00377618 /* Saludio.entitlements */,
				EC80B82E2C0CDAFB00377618 /* SaludioApp.swift */,
				EC80B8302C0CDAFB00377618 /* ContentView.swift */,
				EC80B8322C0CDAFB00377618 /* HealthInfoModel.swift */,
				ECD091DD2C0D91AE0030F4D5 /* HealthKitManager.swift */,
				ECD091DF2C0D94E50030F4D5 /* HomeView.swift */,
				ECD091E12C0D94F80030F4D5 /* ActivityView.swift */,
				ECD091E32C0D95090030F4D5 /* SettingsView.swift */,
				ECD091E52C0D999A0030F4D5 /* SummeryRingView.swift */,
				EC80B8342C0CDAFD00377618 /* Assets.xcassets */,
				EC80B8362C0CDAFE00377618 /* Preview Content */,
				EC66F0EB2C11E83C006B21FA /* LaunchScreen.swift */,
				EC66F0ED2C11E850006B21FA /* IntroductionView.swift */,
				EC66F0EF2C11E87C006B21FA /* OnboardingView.swift */,
				EC66F0F12C11E894006B21FA /* UserModel.swift */,
			);
			path = Saludio;
			sourceTree = "<group>";
		};
		EC80B8362C0CDAFE00377618 /* Preview Content */ = {
			isa = PBXGroup;
			children = (
				EC80B8372C0CDAFE00377618 /* Preview Assets.xcassets */,
			);
			path = "Preview Content";
			sourceTree = "<group>";
		};
		EC80B8402C0CDAFE00377618 /* SaludioTests */ = {
			isa = PBXGroup;
			children = (
				EC80B8412C0CDAFE00377618 /* SaludioTests.swift */,
			);
			path = SaludioTests;
			sourceTree = "<group>";
		};
		EC80B84A2C0CDAFE00377618 /* SaludioUITests */ = {
			isa = PBXGroup;
			children = (
				EC80B84B2C0CDAFE00377618 /* SaludioUITests.swift */,
				EC80B84D2C0CDAFE00377618 /* SaludioUITestsLaunchTests.swift */,
			);
			path = SaludioUITests;
			sourceTree = "<group>";
		};
/* End PBXGroup section */

/* Begin PBXNativeTarget section */
		EC80B82A2C0CDAFB00377618 /* Saludio */ = {
			isa = PBXNativeTarget;
			buildConfigurationList = EC80B8512C0CDAFE00377618 /* Build configuration list for PBXNativeTarget "Saludio" */;
			buildPhases = (
				EC80B8272C0CDAFB00377618 /* Sources */,
				EC80B8282C0CDAFB00377618 /* Frameworks */,
				EC80B8292C0CDAFB00377618 /* Resources */,
			);
			buildRules = (
			);
			dependencies = (
			);
			name = Saludio;
			productName = Saludio;
			productReference = EC80B82B2C0CDAFB00377618 /* Saludio.app */;
			productType = "com.apple.product-type.application";
		};
		EC80B83C2C0CDAFE00377618 /* SaludioTests */ = {
			isa = PBXNativeTarget;
			buildConfigurationList = EC80B8542C0CDAFE00377618 /* Build configuration list for PBXNativeTarget "SaludioTests" */;
			buildPhases = (
				EC80B8392C0CDAFE00377618 /* Sources */,
				EC80B83A2C0CDAFE00377618 /* Frameworks */,
				EC80B83B2C0CDAFE00377618 /* Resources */,
			);
			buildRules = (
			);
			dependencies = (
				EC80B83F2C0CDAFE00377618 /* PBXTargetDependency */,
			);
			name = SaludioTests;
			productName = SaludioTests;
			productReference = EC80B83D2C0CDAFE00377618 /* SaludioTests.xctest */;
			productType = "com.apple.product-type.bundle.unit-test";
		};
		EC80B8462C0CDAFE00377618 /* SaludioUITests */ = {
			isa = PBXNativeTarget;
			buildConfigurationList = EC80B8572C0CDAFE00377618 /* Build configuration list for PBXNativeTarget "SaludioUITests" */;
			buildPhases = (
				EC80B8432C0CDAFE00377618 /* Sources */,
				EC80B8442C0CDAFE00377618 /* Frameworks */,
				EC80B8452C0CDAFE00377618 /* Resources */,
			);
			buildRules = (
			);
			dependencies = (
				EC80B8492C0CDAFE00377618 /* PBXTargetDependency */,
			);
			name = SaludioUITests;
			productName = SaludioUITests;
			productReference = EC80B8472C0CDAFE00377618 /* SaludioUITests.xctest */;
			productType = "com.apple.product-type.bundle.ui-testing";
		};
/* End PBXNativeTarget section */

/* Begin PBXProject section */
		EC80B8232C0CDAFB00377618 /* Project object */ = {
			isa = PBXProject;
			attributes = {
				BuildIndependentTargetsInParallel = 1;
				LastSwiftUpdateCheck = 1540;
				LastUpgradeCheck = 1540;
				TargetAttributes = {
					EC80B82A2C0CDAFB00377618 = {
						CreatedOnToolsVersion = 15.4;
					};
					EC80B83C2C0CDAFE00377618 = {
						CreatedOnToolsVersion = 15.4;
						TestTargetID = EC80B82A2C0CDAFB00377618;
					};
					EC80B8462C0CDAFE00377618 = {
						CreatedOnToolsVersion = 15.4;
						TestTargetID = EC80B82A2C0CDAFB00377618;
					};
				};
			};
			buildConfigurationList = EC80B8262C0CDAFB00377618 /* Build configuration list for PBXProject "Saludio" */;
			compatibilityVersion = "Xcode 15.0";
			developmentRegion = en;
			hasScannedForEncodings = 0;
			knownRegions = (
				en,
				Base,
			);
			mainGroup = EC80B8222C0CDAFB00377618;
			productRefGroup = EC80B82C2C0CDAFB00377618 /* Products */;
			projectDirPath = "";
			projectRoot = "";
			targets = (
				EC80B82A2C0CDAFB00377618 /* Saludio */,
				EC80B83C2C0CDAFE00377618 /* SaludioTests */,
				EC80B8462C0CDAFE00377618 /* SaludioUITests */,
			);
		};
/* End PBXProject section */

/* Begin PBXResourcesBuildPhase section */
		EC80B8292C0CDAFB00377618 /* Resources */ = {
			isa = PBXResourcesBuildPhase;
			buildActionMask = 2147483647;
			files = (
				EC80B8382C0CDAFE00377618 /* Preview Assets.xcassets in Resources */,
				EC80B8352C0CDAFD00377618 /* Assets.xcassets in Resources */,
			);
			runOnlyForDeploymentPostprocessing = 0;
		};
		EC80B83B2C0CDAFE00377618 /* Resources */ = {
			isa = PBXResourcesBuildPhase;
			buildActionMask = 2147483647;
			files = (
			);
			runOnlyForDeploymentPostprocessing = 0;
		};
		EC80B8452C0CDAFE00377618 /* Resources */ = {
			isa = PBXResourcesBuildPhase;
			buildActionMask = 2147483647;
			files = (
			);
			runOnlyForDeploymentPostprocessing = 0;
		};
/* End PBXResourcesBuildPhase section */

/* Begin PBXSourcesBuildPhase section */
		EC80B8272C0CDAFB00377618 /* Sources */ = {
			isa = PBXSourcesBuildPhase;
			buildActionMask = 2147483647;
			files = (
				ECD091E42C0D95090030F4D5 /* SettingsView.swift in Sources */,
				EC80B8312C0CDAFB00377618 /* ContentView.swift in Sources */,
				EC66F0EC2C11E83C006B21FA /* LaunchScreen.swift in Sources */,
				EC66F0EE2C11E850006B21FA /* IntroductionView.swift in Sources */,
				EC80B8332C0CDAFB00377618 /* HealthInfoModel.swift in Sources */,
				ECD091DE2C0D91AE0030F4D5 /* HealthKitManager.swift in Sources */,
				ECD091E02C0D94E50030F4D5 /* HomeView.swift in Sources */,
				ECD091E62C0D999A0030F4D5 /* SummeryRingView.swift in Sources */,
				EC80B82F2C0CDAFB00377618 /* SaludioApp.swift in Sources */,
				ECD091E22C0D94F80030F4D5 /* ActivityView.swift in Sources */,
				EC66F0F22C11E894006B21FA /* UserModel.swift in Sources */,
				EC66F0F02C11E87C006B21FA /* OnboardingView.swift in Sources */,
			);
			runOnlyForDeploymentPostprocessing = 0;
		};
		EC80B8392C0CDAFE00377618 /* Sources */ = {
			isa = PBXSourcesBuildPhase;
			buildActionMask = 2147483647;
			files = (
				EC80B8422C0CDAFE00377618 /* SaludioTests.swift in Sources */,
			);
			runOnlyForDeploymentPostprocessing = 0;
		};
		EC80B8432C0CDAFE00377618 /* Sources */ = {
			isa = PBXSourcesBuildPhase;
			buildActionMask = 2147483647;
			files = (
				EC80B84E2C0CDAFE00377618 /* SaludioUITestsLaunchTests.swift in Sources */,
				EC80B84C2C0CDAFE00377618 /* SaludioUITests.swift in Sources */,
			);
			runOnlyForDeploymentPostprocessing = 0;
		};
/* End PBXSourcesBuildPhase section */

/* Begin PBXTargetDependency section */
		EC80B83F2C0CDAFE00377618 /* PBXTargetDependency */ = {
			isa = PBXTargetDependency;
			target = EC80B82A2C0CDAFB00377618 /* Saludio */;
			targetProxy = EC80B83E2C0CDAFE00377618 /* PBXContainerItemProxy */;
		};
		EC80B8492C0CDAFE00377618 /* PBXTargetDependency */ = {
			isa = PBXTargetDependency;
			target = EC80B82A2C0CDAFB00377618 /* Saludio */;
			targetProxy = EC80B8482C0CDAFE00377618 /* PBXContainerItemProxy */;
		};
/* End PBXTargetDependency section */

/* Begin XCBuildConfiguration section */
		EC80B84F2C0CDAFE00377618 /* Debug */ = {
			isa = XCBuildConfiguration;
			buildSettings = {
				ALWAYS_SEARCH_USER_PATHS = NO;
				ASSETCATALOG_COMPILER_GENERATE_SWIFT_ASSET_SYMBOL_EXTENSIONS = YES;
				CLANG_ANALYZER_NONNULL = YES;
				CLANG_ANALYZER_NUMBER_OBJECT_CONVERSION = YES_AGGRESSIVE;
				CLANG_CXX_LANGUAGE_STANDARD = "gnu++20";
				CLANG_ENABLE_MODULES = YES;
				CLANG_ENABLE_OBJC_ARC = YES;
				CLANG_ENABLE_OBJC_WEAK = YES;
				CLANG_WARN_BLOCK_CAPTURE_AUTORELEASING = YES;
				CLANG_WARN_BOOL_CONVERSION = YES;
				CLANG_WARN_COMMA = YES;
				CLANG_WARN_CONSTANT_CONVERSION = YES;
				CLANG_WARN_DEPRECATED_OBJC_IMPLEMENTATIONS = YES;
				CLANG_WARN_DIRECT_OBJC_ISA_USAGE = YES_ERROR;
				CLANG_WARN_DOCUMENTATION_COMMENTS = YES;
				CLANG_WARN_EMPTY_BODY = YES;
				CLANG_WARN_ENUM_CONVERSION = YES;
				CLANG_WARN_INFINITE_RECURSION = YES;
				CLANG_WARN_INT_CONVERSION = YES;
				CLANG_WARN_NON_LITERAL_NULL_CONVERSION = YES;
				CLANG_WARN_OBJC_IMPLICIT_RETAIN_SELF = YES;
				CLANG_WARN_OBJC_LITERAL_CONVERSION = YES;
				CLANG_WARN_OBJC_ROOT_CLASS = YES_ERROR;
				CLANG_WARN_QUOTED_INCLUDE_IN_FRAMEWORK_HEADER = YES;
				CLANG_WARN_RANGE_LOOP_ANALYSIS = YES;
				CLANG_WARN_STRICT_PROTOTYPES = YES;
				CLANG_WARN_SUSPICIOUS_MOVE = YES;
				CLANG_WARN_UNGUARDED_AVAILABILITY = YES_AGGRESSIVE;
				CLANG_WARN_UNREACHABLE_CODE = YES;
				CLANG_WARN__DUPLICATE_METHOD_MATCH = YES;
				COPY_PHASE_STRIP = NO;
				DEBUG_INFORMATION_FORMAT = dwarf;
				ENABLE_STRICT_OBJC_MSGSEND = YES;
				ENABLE_TESTABILITY = YES;
				ENABLE_USER_SCRIPT_SANDBOXING = YES;
				GCC_C_LANGUAGE_STANDARD = gnu17;
				GCC_DYNAMIC_NO_PIC = NO;
				GCC_NO_COMMON_BLOCKS = YES;
				GCC_OPTIMIZATION_LEVEL = 0;
				GCC_PREPROCESSOR_DEFINITIONS = (
					"DEBUG=1",
					"$(inherited)",
				);
				GCC_WARN_64_TO_32_BIT_CONVERSION = YES;
				GCC_WARN_ABOUT_RETURN_TYPE = YES_ERROR;
				GCC_WARN_UNDECLARED_SELECTOR = YES;
				GCC_WARN_UNINITIALIZED_AUTOS = YES_AGGRESSIVE;
				GCC_WARN_UNUSED_FUNCTION = YES;
				GCC_WARN_UNUSED_VARIABLE = YES;
				IPHONEOS_DEPLOYMENT_TARGET = 17.5;
				LOCALIZATION_PREFERS_STRING_CATALOGS = YES;
				MTL_ENABLE_DEBUG_INFO = INCLUDE_SOURCE;
				MTL_FAST_MATH = YES;
				ONLY_ACTIVE_ARCH = YES;
				SDKROOT = iphoneos;
				SWIFT_ACTIVE_COMPILATION_CONDITIONS = "DEBUG $(inherited)";
				SWIFT_OPTIMIZATION_LEVEL = "-Onone";
			};
			name = Debug;
		};
		EC80B8502C0CDAFE00377618 /* Release */ = {
			isa = XCBuildConfiguration;
			buildSettings = {
				ALWAYS_SEARCH_USER_PATHS = NO;
				ASSETCATALOG_COMPILER_GENERATE_SWIFT_ASSET_SYMBOL_EXTENSIONS = YES;
				CLANG_ANALYZER_NONNULL = YES;
				CLANG_ANALYZER_NUMBER_OBJECT_CONVERSION = YES_AGGRESSIVE;
				CLANG_CXX_LANGUAGE_STANDARD = "gnu++20";
				CLANG_ENABLE_MODULES = YES;
				CLANG_ENABLE_OBJC_ARC = YES;
				CLANG_ENABLE_OBJC_WEAK = YES;
				CLANG_WARN_BLOCK_CAPTURE_AUTORELEASING = YES;
				CLANG_WARN_BOOL_CONVERSION = YES;
				CLANG_WARN_COMMA = YES;
				CLANG_WARN_CONSTANT_CONVERSION = YES;
				CLANG_WARN_DEPRECATED_OBJC_IMPLEMENTATIONS = YES;
				CLANG_WARN_DIRECT_OBJC_ISA_USAGE = YES_ERROR;
				CLANG_WARN_DOCUMENTATION_COMMENTS = YES;
				CLANG_WARN_EMPTY_BODY = YES;
				CLANG_WARN_ENUM_CONVERSION = YES;
				CLANG_WARN_INFINITE_RECURSION = YES;
				CLANG_WARN_INT_CONVERSION = YES;
				CLANG_WARN_NON_LITERAL_NULL_CONVERSION = YES;
				CLANG_WARN_OBJC_IMPLICIT_RETAIN_SELF = YES;
				CLANG_WARN_OBJC_LITERAL_CONVERSION = YES;
				CLANG_WARN_OBJC_ROOT_CLASS = YES_ERROR;
				CLANG_WARN_QUOTED_INCLUDE_IN_FRAMEWORK_HEADER = YES;
				CLANG_WARN_RANGE_LOOP_ANALYSIS = YES;
				CLANG_WARN_STRICT_PROTOTYPES = YES;
				CLANG_WARN_SUSPICIOUS_MOVE = YES;
				CLANG_WARN_UNGUARDED_AVAILABILITY = YES_AGGRESSIVE;
				CLANG_WARN_UNREACHABLE_CODE = YES;
				CLANG_WARN__DUPLICATE_METHOD_MATCH = YES;
				COPY_PHASE_STRIP = NO;
				DEBUG_INFORMATION_FORMAT = "dwarf-with-dsym";
				ENABLE_NS_ASSERTIONS = NO;
				ENABLE_STRICT_OBJC_MSGSEND = YES;
				ENABLE_USER_SCRIPT_SANDBOXING = YES;
				GCC_C_LANGUAGE_STANDARD = gnu17;
				GCC_NO_COMMON_BLOCKS = YES;
				GCC_WARN_64_TO_32_BIT_CONVERSION = YES;
				GCC_WARN_ABOUT_RETURN_TYPE = YES_ERROR;
				GCC_WARN_UNDECLARED_SELECTOR = YES;
				GCC_WARN_UNINITIALIZED_AUTOS = YES_AGGRESSIVE;
				GCC_WARN_UNUSED_FUNCTION = YES;
				GCC_WARN_UNUSED_VARIABLE = YES;
				IPHONEOS_DEPLOYMENT_TARGET = 17.5;
				LOCALIZATION_PREFERS_STRING_CATALOGS = YES;
				MTL_ENABLE_DEBUG_INFO = NO;
				MTL_FAST_MATH = YES;
				SDKROOT = iphoneos;
				SWIFT_COMPILATION_MODE = wholemodule;
				VALIDATE_PRODUCT = YES;
			};
			name = Release;
		};
		EC80B8522C0CDAFE00377618 /* Debug */ = {
			isa = XCBuildConfiguration;
			buildSettings = {
				ASSETCATALOG_COMPILER_APPICON_NAME = AppIcon;
				ASSETCATALOG_COMPILER_GLOBAL_ACCENT_COLOR_NAME = AccentColor;
				CODE_SIGN_ENTITLEMENTS = Saludio/Saludio.entitlements;
				CODE_SIGN_STYLE = Automatic;
				CURRENT_PROJECT_VERSION = 1;
				DEVELOPMENT_ASSET_PATHS = "\"Saludio/Preview Content\"";
				DEVELOPMENT_TEAM = DNA3KVJYXC;
				ENABLE_PREVIEWS = YES;
				GENERATE_INFOPLIST_FILE = YES;
				INFOPLIST_KEY_NSHealthShareUsageDescription = "Please allow access to enjoy all features of the App";
				INFOPLIST_KEY_UIApplicationSceneManifest_Generation = YES;
				INFOPLIST_KEY_UIApplicationSupportsIndirectInputEvents = YES;
				INFOPLIST_KEY_UILaunchScreen_Generation = YES;
				INFOPLIST_KEY_UILaunchStoryboardName = LaunchScreen;
				INFOPLIST_KEY_UISupportedInterfaceOrientations_iPad = "UIInterfaceOrientationPortrait UIInterfaceOrientationPortraitUpsideDown UIInterfaceOrientationLandscapeLeft UIInterfaceOrientationLandscapeRight";
				INFOPLIST_KEY_UISupportedInterfaceOrientations_iPhone = "UIInterfaceOrientationPortrait UIInterfaceOrientationLandscapeLeft UIInterfaceOrientationLandscapeRight";
				LD_RUNPATH_SEARCH_PATHS = (
					"$(inherited)",
					"@executable_path/Frameworks",
				);
				MARKETING_VERSION = 1.0;
				PRODUCT_BUNDLE_IDENTIFIER = com.projects.Saludio;
				PRODUCT_NAME = "$(TARGET_NAME)";
				SUPPORTED_PLATFORMS = "iphoneos iphonesimulator";
				SUPPORTS_MACCATALYST = NO;
				SUPPORTS_MAC_DESIGNED_FOR_IPHONE_IPAD = NO;
				SUPPORTS_XR_DESIGNED_FOR_IPHONE_IPAD = NO;
				SWIFT_EMIT_LOC_STRINGS = YES;
				SWIFT_VERSION = 5.0;
				TARGETED_DEVICE_FAMILY = "1,2";
			};
			name = Debug;
		};
		EC80B8532C0CDAFE00377618 /* Release */ = {
			isa = XCBuildConfiguration;
			buildSettings = {
				ASSETCATALOG_COMPILER_APPICON_NAME = AppIcon;
				ASSETCATALOG_COMPILER_GLOBAL_ACCENT_COLOR_NAME = AccentColor;
				CODE_SIGN_ENTITLEMENTS = Saludio/Saludio.entitlements;
				CODE_SIGN_STYLE = Automatic;
				CURRENT_PROJECT_VERSION = 1;
				DEVELOPMENT_ASSET_PATHS = "\"Saludio/Preview Content\"";
				DEVELOPMENT_TEAM = DNA3KVJYXC;
				ENABLE_PREVIEWS = YES;
				GENERATE_INFOPLIST_FILE = YES;
				INFOPLIST_KEY_NSHealthShareUsageDescription = "Please allow access to enjoy all features of the App";
				INFOPLIST_KEY_UIApplicationSceneManifest_Generation = YES;
				INFOPLIST_KEY_UIApplicationSupportsIndirectInputEvents = YES;
				INFOPLIST_KEY_UILaunchScreen_Generation = YES;
				INFOPLIST_KEY_UILaunchStoryboardName = LaunchScreen;
				INFOPLIST_KEY_UISupportedInterfaceOrientations_iPad = "UIInterfaceOrientationPortrait UIInterfaceOrientationPortraitUpsideDown UIInterfaceOrientationLandscapeLeft UIInterfaceOrientationLandscapeRight";
				INFOPLIST_KEY_UISupportedInterfaceOrientations_iPhone = "UIInterfaceOrientationPortrait UIInterfaceOrientationLandscapeLeft UIInterfaceOrientationLandscapeRight";
				LD_RUNPATH_SEARCH_PATHS = (
					"$(inherited)",
					"@executable_path/Frameworks",
				);
				MARKETING_VERSION = 1.0;
				PRODUCT_BUNDLE_IDENTIFIER = com.projects.Saludio;
				PRODUCT_NAME = "$(TARGET_NAME)";
				SUPPORTED_PLATFORMS = "iphoneos iphonesimulator";
				SUPPORTS_MACCATALYST = NO;
				SUPPORTS_MAC_DESIGNED_FOR_IPHONE_IPAD = NO;
				SUPPORTS_XR_DESIGNED_FOR_IPHONE_IPAD = NO;
				SWIFT_EMIT_LOC_STRINGS = YES;
				SWIFT_VERSION = 5.0;
				TARGETED_DEVICE_FAMILY = "1,2";
			};
			name = Release;
		};
		EC80B8552C0CDAFE00377618 /* Debug */ = {
			isa = XCBuildConfiguration;
			buildSettings = {
				ALWAYS_EMBED_SWIFT_STANDARD_LIBRARIES = YES;
				BUNDLE_LOADER = "$(TEST_HOST)";
				CODE_SIGN_STYLE = Automatic;
				CURRENT_PROJECT_VERSION = 1;
				DEVELOPMENT_TEAM = DNA3KVJYXC;
				GENERATE_INFOPLIST_FILE = YES;
				IPHONEOS_DEPLOYMENT_TARGET = 17.5;
				MARKETING_VERSION = 1.0;
				PRODUCT_BUNDLE_IDENTIFIER = com.projects.SaludioTests;
				PRODUCT_NAME = "$(TARGET_NAME)";
				SWIFT_EMIT_LOC_STRINGS = NO;
				SWIFT_VERSION = 5.0;
				TARGETED_DEVICE_FAMILY = "1,2";
				TEST_HOST = "$(BUILT_PRODUCTS_DIR)/Saludio.app/$(BUNDLE_EXECUTABLE_FOLDER_PATH)/Saludio";
			};
			name = Debug;
		};
		EC80B8562C0CDAFE00377618 /* Release */ = {
			isa = XCBuildConfiguration;
			buildSettings = {
				ALWAYS_EMBED_SWIFT_STANDARD_LIBRARIES = YES;
				BUNDLE_LOADER = "$(TEST_HOST)";
				CODE_SIGN_STYLE = Automatic;
				CURRENT_PROJECT_VERSION = 1;
				DEVELOPMENT_TEAM = DNA3KVJYXC;
				GENERATE_INFOPLIST_FILE = YES;
				IPHONEOS_DEPLOYMENT_TARGET = 17.5;
				MARKETING_VERSION = 1.0;
				PRODUCT_BUNDLE_IDENTIFIER = com.projects.SaludioTests;
				PRODUCT_NAME = "$(TARGET_NAME)";
				SWIFT_EMIT_LOC_STRINGS = NO;
				SWIFT_VERSION = 5.0;
				TARGETED_DEVICE_FAMILY = "1,2";
				TEST_HOST = "$(BUILT_PRODUCTS_DIR)/Saludio.app/$(BUNDLE_EXECUTABLE_FOLDER_PATH)/Saludio";
			};
			name = Release;
		};
		EC80B8582C0CDAFE00377618 /* Debug */ = {
			isa = XCBuildConfiguration;
			buildSettings = {
				ALWAYS_EMBED_SWIFT_STANDARD_LIBRARIES = YES;
				CODE_SIGN_STYLE = Automatic;
				CURRENT_PROJECT_VERSION = 1;
				DEVELOPMENT_TEAM = DNA3KVJYXC;
				GENERATE_INFOPLIST_FILE = YES;
				MARKETING_VERSION = 1.0;
				PRODUCT_BUNDLE_IDENTIFIER = com.projects.SaludioUITests;
				PRODUCT_NAME = "$(TARGET_NAME)";
				SWIFT_EMIT_LOC_STRINGS = NO;
				SWIFT_VERSION = 5.0;
				TARGETED_DEVICE_FAMILY = "1,2";
				TEST_TARGET_NAME = Saludio;
			};
			name = Debug;
		};
		EC80B8592C0CDAFE00377618 /* Release */ = {
			isa = XCBuildConfiguration;
			buildSettings = {
				ALWAYS_EMBED_SWIFT_STANDARD_LIBRARIES = YES;
				CODE_SIGN_STYLE = Automatic;
				CURRENT_PROJECT_VERSION = 1;
				DEVELOPMENT_TEAM = DNA3KVJYXC;
				GENERATE_INFOPLIST_FILE = YES;
				MARKETING_VERSION = 1.0;
				PRODUCT_BUNDLE_IDENTIFIER = com.projects.SaludioUITests;
				PRODUCT_NAME = "$(TARGET_NAME)";
				SWIFT_EMIT_LOC_STRINGS = NO;
				SWIFT_VERSION = 5.0;
				TARGETED_DEVICE_FAMILY = "1,2";
				TEST_TARGET_NAME = Saludio;
			};
			name = Release;
		};
/* End XCBuildConfiguration section */

/* Begin XCConfigurationList section */
		EC80B8262C0CDAFB00377618 /* Build configuration list for PBXProject "Saludio" */ = {
			isa = XCConfigurationList;
			buildConfigurations = (
				EC80B84F2C0CDAFE00377618 /* Debug */,
				EC80B8502C0CDAFE00377618 /* Release */,
			);
			defaultConfigurationIsVisible = 0;
			defaultConfigurationName = Release;
		};
		EC80B8512C0CDAFE00377618 /* Build configuration list for PBXNativeTarget "Saludio" */ = {
			isa = XCConfigurationList;
			buildConfigurations = (
				EC80B8522C0CDAFE00377618 /* Debug */,
				EC80B8532C0CDAFE00377618 /* Release */,
			);
			defaultConfigurationIsVisible = 0;
			defaultConfigurationName = Release;
		};
		EC80B8542C0CDAFE00377618 /* Build configuration list for PBXNativeTarget "SaludioTests" */ = {
			isa = XCConfigurationList;
			buildConfigurations = (
				EC80B8552C0CDAFE00377618 /* Debug */,
				EC80B8562C0CDAFE00377618 /* Release */,
			);
			defaultConfigurationIsVisible = 0;
			defaultConfigurationName = Release;
		};
		EC80B8572C0CDAFE00377618 /* Build configuration list for PBXNativeTarget "SaludioUITests" */ = {
			isa = XCConfigurationList;
			buildConfigurations = (
				EC80B8582C0CDAFE00377618 /* Debug */,
				EC80B8592C0CDAFE00377618 /* Release */,
			);
			defaultConfigurationIsVisible = 0;
			defaultConfigurationName = Release;
		};
/* End XCConfigurationList section */
	};
	rootObject = EC80B8232C0CDAFB00377618 /* Project object */;
}
